
Microsoft Visual Studio Solution File, Format Version 12.00
# Visual Studio Version 16
VisualStudioVersion = 16.0.30907.101
MinimumVisualStudioVersion = 10.0.40219.1
Project("{FAE04EC0-301F-11D3-BF4B-00C04F79EFBC}") = "TestWeb_focker", "TestWeb_focker.csproj", "{D361C5EA-572E-48AB-BF6D-E05699564FEA}"
EndProject
Global
	GlobalSection(SolutionConfigurationPlatforms) = preSolution
		Debug|Any CPU = Debug|Any CPU
		Release|Any CPU = Release|Any CPU
	EndGlobalSection
	GlobalSection(ProjectConfigurationPlatforms) = postSolution
		{D361C5EA-572E-48AB-BF6D-E05699564FEA}.Debug|Any CPU.ActiveCfg = Debug|Any CPU
		{D361C5EA-572E-48AB-BF6D-E05699564FEA}.Debug|Any CPU.Build.0 = Debug|Any CPU
		{D361C5EA-572E-48AB-BF6D-E05699564FEA}.Release|Any CPU.ActiveCfg = Release|Any CPU
		{D361C5EA-572E-48AB-BF6D-E05699564FEA}.Release|Any CPU.Build.0 = Release|Any CPU
	EndGlobalSection
	GlobalSection(SolutionProperties) = preSolution
		HideSolutionNode = FALSE
	EndGlobalSection
	GlobalSection(ExtensibilityGlobals) = postSolution
		SolutionGuid = {90D7F2F6-EE19-487D-B5A4-52466B052384}
	EndGlobalSection
EndGlobal
